{
  "originHash" : "cb4abdfbf54407d897250cc2085a865c25b2a67582048ae1a8de97297a42c87f",
  "pins" : [
    {
      "identity" : "klib2",
      "kind" : "remoteSourceControl",
      "location" : "https://github.com/lancelotbronner/klib2.git",
      "state" : {
        "branch" : "main",
        "revision" : "71d4f60ac3838d24ae3ade53af7f9bf194822e1a"
      }
    },
    {
      "identity" : "kpkg2",
      "kind" : "remoteSourceControl",
      "location" : "https://github.com/lancelotbronner/kpkg2.git",
      "state" : {
        "branch" : "main",
        "revision" : "ffb7e2e867c8546925623c2fa8f3d9049027dce1"
      }
    }
  ],
  "version" : 3
}
